# THIS IS AN AUTOGENERATED FILE. DO NOT EDIT THIS FILE DIRECTLY.
# yarn lockfile v1


"@types/node@~8.0.0":
  version "8.0.58"
  resolved "https://registry.yarnpkg.com/@types/node/-/node-8.0.58.tgz#5b3881c0be3a646874803fee3197ea7f1ed6df90"

typescript@^2.8.3:
  version "2.8.3"
  resolved "https://registry.yarnpkg.com/typescript/-/typescript-2.8.3.tgz#5d817f9b6f31bb871835f4edf0089f21abe6c170"
